
Microsoft Visual Studio Solution File, Format Version 11.00
# Visual Studio 2010
Project("{8BC9CEB8-8B4A-11D0-8D11-00A0C91BC942}") = "StringContain", "StringContain\StringContain.vcxproj", "{1629B78D-1E46-4332-A16B-1D4ED782BB9C}"
EndProject
Global
	GlobalSection(SolutionConfigurationPlatforms) = preSolution
		Debug|Win32 = Debug|Win32
		Release|Win32 = Release|Win32
	EndGlobalSection
	GlobalSection(ProjectConfigurationPlatforms) = postSolution
		{1629B78D-1E46-4332-A16B-1D4ED782BB9C}.Debug|Win32.ActiveCfg = Debug|Win32
		{1629B78D-1E46-4332-A16B-1D4ED782BB9C}.Debug|Win32.Build.0 = Debug|Win32
		{1629B78D-1E46-4332-A16B-1D4ED782BB9C}.Release|Win32.ActiveCfg = Release|Win32
		{1629B78D-1E46-4332-A16B-1D4ED782BB9C}.Release|Win32.Build.0 = Release|Win32
	EndGlobalSection
	GlobalSection(SolutionProperties) = preSolution
		HideSolutionNode = FALSE
	EndGlobalSection
EndGlobal
